
Microsoft Visual Studio Solution File, Format Version 12.00
# Visual Studio Version 17
VisualStudioVersion = 17.1.32421.90
MinimumVisualStudioVersion = 10.0.40219.1
Project("{9A19103F-16F7-4668-BE54-9A1E7A4F7556}") = "File_Upload", "File_Upload\File_Upload.csproj", "{99D518F0-B168-4EDC-A67D-64719DB231B7}"
EndProject
Global
	GlobalSection(SolutionConfigurationPlatforms) = preSolution
		Debug|Any CPU = Debug|Any CPU
		Release|Any CPU = Release|Any CPU
	EndGlobalSection
	GlobalSection(ProjectConfigurationPlatforms) = postSolution
		{99D518F0-B168-4EDC-A67D-64719DB231B7}.Debug|Any CPU.ActiveCfg = Debug|Any CPU
		{99D518F0-B168-4EDC-A67D-64719DB231B7}.Debug|Any CPU.Build.0 = Debug|Any CPU
		{99D518F0-B168-4EDC-A67D-64719DB231B7}.Release|Any CPU.ActiveCfg = Release|Any CPU
		{99D518F0-B168-4EDC-A67D-64719DB231B7}.Release|Any CPU.Build.0 = Release|Any CPU
	EndGlobalSection
	GlobalSection(SolutionProperties) = preSolution
		HideSolutionNode = FALSE
	EndGlobalSection
	GlobalSection(ExtensibilityGlobals) = postSolution
		SolutionGuid = {4872152D-E272-43C3-9FF9-72B3E13BA40D}
	EndGlobalSection
EndGlobal
